# This file is automatically @generated by Cargo.
# It is not intended for manual editing.
version = 3

[[package]]
name = "coregraphicsr"
version = "0.1.0"
dependencies = [
 "objr 0.2.0",
]

[[package]]
name = "corevideor"
version = "0.1.0"
dependencies = [
 "coregraphicsr",
 "objr 0.1.0",
]

[[package]]
name = "objr"
version = "0.1.0"

[[package]]
name = "objr"
version = "0.2.0"
